
Microsoft Visual Studio Solution File, Format Version 10.00
# Visual C# Express 2008
Project("{FAE04EC0-301F-11D3-BF4B-00C04F79EFBC}") = "外觀模式", "外觀模式\外觀模式.csproj", "{BAD7D934-F306-4735-A188-B4A8FE16489F}"
EndProject
Global
	GlobalSection(SolutionConfigurationPlatforms) = preSolution
		Debug|Any CPU = Debug|Any CPU
		Release|Any CPU = Release|Any CPU
	EndGlobalSection
	GlobalSection(ProjectConfigurationPlatforms) = postSolution
		{BAD7D934-F306-4735-A188-B4A8FE16489F}.Debug|Any CPU.ActiveCfg = Debug|Any CPU
		{BAD7D934-F306-4735-A188-B4A8FE16489F}.Debug|Any CPU.Build.0 = Debug|Any CPU
		{BAD7D934-F306-4735-A188-B4A8FE16489F}.Release|Any CPU.ActiveCfg = Release|Any CPU
		{BAD7D934-F306-4735-A188-B4A8FE16489F}.Release|Any CPU.Build.0 = Release|Any CPU
	EndGlobalSection
	GlobalSection(SolutionProperties) = preSolution
		HideSolutionNode = FALSE
	EndGlobalSection
EndGlobal
