
Microsoft Visual Studio Solution File, Format Version 10.00
# Visual C# Express 2008
Project("{FAE04EC0-301F-11D3-BF4B-00C04F79EFBC}") = "建造者模式", "建造者模式\建造者模式.csproj", "{B91324C3-9852-47BF-98F4-841DC610D75B}"
EndProject
Global
	GlobalSection(SolutionConfigurationPlatforms) = preSolution
		Debug|Any CPU = Debug|Any CPU
		Release|Any CPU = Release|Any CPU
	EndGlobalSection
	GlobalSection(ProjectConfigurationPlatforms) = postSolution
		{B91324C3-9852-47BF-98F4-841DC610D75B}.Debug|Any CPU.ActiveCfg = Debug|Any CPU
		{B91324C3-9852-47BF-98F4-841DC610D75B}.Debug|Any CPU.Build.0 = Debug|Any CPU
		{B91324C3-9852-47BF-98F4-841DC610D75B}.Release|Any CPU.ActiveCfg = Release|Any CPU
		{B91324C3-9852-47BF-98F4-841DC610D75B}.Release|Any CPU.Build.0 = Release|Any CPU
	EndGlobalSection
	GlobalSection(SolutionProperties) = preSolution
		HideSolutionNode = FALSE
	EndGlobalSection
EndGlobal
