
Microsoft Visual Studio Solution File, Format Version 10.00
# Visual C# Express 2008
Project("{FAE04EC0-301F-11D3-BF4B-00C04F79EFBC}") = "備忘錄模式", "備忘錄模式\備忘錄模式.csproj", "{21829EA3-A61D-4794-845E-CDC53C7E4B9C}"
EndProject
Global
	GlobalSection(SolutionConfigurationPlatforms) = preSolution
		Debug|Any CPU = Debug|Any CPU
		Release|Any CPU = Release|Any CPU
	EndGlobalSection
	GlobalSection(ProjectConfigurationPlatforms) = postSolution
		{21829EA3-A61D-4794-845E-CDC53C7E4B9C}.Debug|Any CPU.ActiveCfg = Debug|Any CPU
		{21829EA3-A61D-4794-845E-CDC53C7E4B9C}.Debug|Any CPU.Build.0 = Debug|Any CPU
		{21829EA3-A61D-4794-845E-CDC53C7E4B9C}.Release|Any CPU.ActiveCfg = Release|Any CPU
		{21829EA3-A61D-4794-845E-CDC53C7E4B9C}.Release|Any CPU.Build.0 = Release|Any CPU
	EndGlobalSection
	GlobalSection(SolutionProperties) = preSolution
		HideSolutionNode = FALSE
	EndGlobalSection
EndGlobal
