
Microsoft Visual Studio Solution File, Format Version 10.00
# Visual C# Express 2008
Project("{FAE04EC0-301F-11D3-BF4B-00C04F79EFBC}") = "適配器模式", "適配器模式\適配器模式.csproj", "{8385BBB2-87FF-4BBD-8C36-D746012CA28B}"
EndProject
Global
	GlobalSection(SolutionConfigurationPlatforms) = preSolution
		Debug|Any CPU = Debug|Any CPU
		Release|Any CPU = Release|Any CPU
	EndGlobalSection
	GlobalSection(ProjectConfigurationPlatforms) = postSolution
		{8385BBB2-87FF-4BBD-8C36-D746012CA28B}.Debug|Any CPU.ActiveCfg = Debug|Any CPU
		{8385BBB2-87FF-4BBD-8C36-D746012CA28B}.Debug|Any CPU.Build.0 = Debug|Any CPU
		{8385BBB2-87FF-4BBD-8C36-D746012CA28B}.Release|Any CPU.ActiveCfg = Release|Any CPU
		{8385BBB2-87FF-4BBD-8C36-D746012CA28B}.Release|Any CPU.Build.0 = Release|Any CPU
	EndGlobalSection
	GlobalSection(SolutionProperties) = preSolution
		HideSolutionNode = FALSE
	EndGlobalSection
EndGlobal
