
Microsoft Visual Studio Solution File, Format Version 9.00
# Visual Studio 2005
Project("{8BC9CEB8-8B4A-11D0-8D11-00A0C91BC942}") = "Pizzas", "Pizzas.vcproj", "{7BFB91FA-1ECA-4211-A3C2-6E01CBF5991E}"
EndProject
Global
	GlobalSection(SolutionConfigurationPlatforms) = preSolution
		Debug|Win32 = Debug|Win32
		Release|Win32 = Release|Win32
	EndGlobalSection
	GlobalSection(ProjectConfigurationPlatforms) = postSolution
		{7BFB91FA-1ECA-4211-A3C2-6E01CBF5991E}.Debug|Win32.ActiveCfg = Debug|Win32
		{7BFB91FA-1ECA-4211-A3C2-6E01CBF5991E}.Debug|Win32.Build.0 = Debug|Win32
		{7BFB91FA-1ECA-4211-A3C2-6E01CBF5991E}.Release|Win32.ActiveCfg = Release|Win32
		{7BFB91FA-1ECA-4211-A3C2-6E01CBF5991E}.Release|Win32.Build.0 = Release|Win32
	EndGlobalSection
	GlobalSection(SolutionProperties) = preSolution
		HideSolutionNode = FALSE
	EndGlobalSection
EndGlobal
