
Microsoft Visual Studio Solution File, Format Version 10.00
# Visual C# Express 2008
Project("{FAE04EC0-301F-11D3-BF4B-00C04F79EFBC}") = "抽象工廠模式", "抽象工廠模式\抽象工廠模式.csproj", "{44618B39-96C6-48AD-A9C3-FC7118DD5CCD}"
EndProject
Global
	GlobalSection(SolutionConfigurationPlatforms) = preSolution
		Debug|Any CPU = Debug|Any CPU
		Release|Any CPU = Release|Any CPU
	EndGlobalSection
	GlobalSection(ProjectConfigurationPlatforms) = postSolution
		{44618B39-96C6-48AD-A9C3-FC7118DD5CCD}.Debug|Any CPU.ActiveCfg = Debug|Any CPU
		{44618B39-96C6-48AD-A9C3-FC7118DD5CCD}.Debug|Any CPU.Build.0 = Debug|Any CPU
		{44618B39-96C6-48AD-A9C3-FC7118DD5CCD}.Release|Any CPU.ActiveCfg = Release|Any CPU
		{44618B39-96C6-48AD-A9C3-FC7118DD5CCD}.Release|Any CPU.Build.0 = Release|Any CPU
	EndGlobalSection
	GlobalSection(SolutionProperties) = preSolution
		HideSolutionNode = FALSE
	EndGlobalSection
EndGlobal
