
Microsoft Visual Studio Solution File, Format Version 10.00
# Visual C# Express 2008
Project("{FAE04EC0-301F-11D3-BF4B-00C04F79EFBC}") = "命令模式", "命令模式\命令模式.csproj", "{72E1F8B4-1FFC-473A-A71C-816210A83891}"
EndProject
Global
	GlobalSection(SolutionConfigurationPlatforms) = preSolution
		Debug|Any CPU = Debug|Any CPU
		Release|Any CPU = Release|Any CPU
	EndGlobalSection
	GlobalSection(ProjectConfigurationPlatforms) = postSolution
		{72E1F8B4-1FFC-473A-A71C-816210A83891}.Debug|Any CPU.ActiveCfg = Debug|Any CPU
		{72E1F8B4-1FFC-473A-A71C-816210A83891}.Debug|Any CPU.Build.0 = Debug|Any CPU
		{72E1F8B4-1FFC-473A-A71C-816210A83891}.Release|Any CPU.ActiveCfg = Release|Any CPU
		{72E1F8B4-1FFC-473A-A71C-816210A83891}.Release|Any CPU.Build.0 = Release|Any CPU
	EndGlobalSection
	GlobalSection(SolutionProperties) = preSolution
		HideSolutionNode = FALSE
	EndGlobalSection
EndGlobal
