
Microsoft Visual Studio Solution File, Format Version 10.00
# Visual C# Express 2008
Project("{FAE04EC0-301F-11D3-BF4B-00C04F79EFBC}") = "代理模式", "代理模式\代理模式.csproj", "{B747E7BD-D4EF-49E2-AA4A-F7528FCEBE17}"
EndProject
Global
	GlobalSection(SolutionConfigurationPlatforms) = preSolution
		Debug|Any CPU = Debug|Any CPU
		Release|Any CPU = Release|Any CPU
	EndGlobalSection
	GlobalSection(ProjectConfigurationPlatforms) = postSolution
		{B747E7BD-D4EF-49E2-AA4A-F7528FCEBE17}.Debug|Any CPU.ActiveCfg = Debug|Any CPU
		{B747E7BD-D4EF-49E2-AA4A-F7528FCEBE17}.Debug|Any CPU.Build.0 = Debug|Any CPU
		{B747E7BD-D4EF-49E2-AA4A-F7528FCEBE17}.Release|Any CPU.ActiveCfg = Release|Any CPU
		{B747E7BD-D4EF-49E2-AA4A-F7528FCEBE17}.Release|Any CPU.Build.0 = Release|Any CPU
	EndGlobalSection
	GlobalSection(SolutionProperties) = preSolution
		HideSolutionNode = FALSE
	EndGlobalSection
EndGlobal
