
Microsoft Visual Studio Solution File, Format Version 9.00
# Visual Studio 2005
Project("{2150E333-8FDC-42A3-9474-1A3956D46DE8}") = "Strategy", "Strategy", "{4D19B820-0AA2-4F03-B3D9-A9989DE6B143}"
EndProject
Project("{8BC9CEB8-8B4A-11D0-8D11-00A0C91BC942}") = "MiniDuckSimulator", "Strategy\MiniDuckSimulator.vcproj", "{C9153F62-0ADD-447B-BA26-C5A2B287D7EE}"
EndProject
Project("{8BC9CEB8-8B4A-11D0-8D11-00A0C91BC942}") = "WeatherStation", "Observer\WeatherStation.vcproj", "{6213CFF2-4F61-4B5D-8543-7618FC74A202}"
EndProject
Project("{2150E333-8FDC-42A3-9474-1A3956D46DE8}") = "Observer", "Observer", "{8B887CE9-CCB0-4729-BE07-68942A693133}"
EndProject
Project("{2150E333-8FDC-42A3-9474-1A3956D46DE8}") = "Decorator", "Decorator", "{6318BFFD-3D83-4F12-85AA-CB348B92BA23}"
EndProject
Project("{8BC9CEB8-8B4A-11D0-8D11-00A0C91BC942}") = "Starbuzz", "Decorator\Starbuzz.vcproj", "{BF5460B2-91BC-44B6-A3E8-4F301FC07CE0}"
EndProject
Project("{2150E333-8FDC-42A3-9474-1A3956D46DE8}") = "Factory", "Factory", "{96B33512-E1E3-4241-A3AA-C12246CCA8F2}"
EndProject
Project("{8BC9CEB8-8B4A-11D0-8D11-00A0C91BC942}") = "Pizzas", "Factory\Pizzas\Pizzas.vcproj", "{7BFB91FA-1ECA-4211-A3C2-6E01CBF5991E}"
EndProject
Project("{8BC9CEB8-8B4A-11D0-8D11-00A0C91BC942}") = "Pizzafm", "Factory\Pizzafm\Pizzafm.vcproj", "{8E6A7946-E599-47A5-9F5D-A6CD56D41E0A}"
EndProject
Project("{8BC9CEB8-8B4A-11D0-8D11-00A0C91BC942}") = "Pizzaaf", "Factory\Pizzaaf\Pizzaaf.vcproj", "{0076BB2E-6BFC-44B3-B278-601B07BD04FF}"
EndProject
Project("{2150E333-8FDC-42A3-9474-1A3956D46DE8}") = "Singleton", "Singleton", "{A81CB0FC-D497-48A9-89EC-EB2CE8B71667}"
EndProject
Project("{8BC9CEB8-8B4A-11D0-8D11-00A0C91BC942}") = "Chocolate", "Singleton\Chocolate\Chocolate.vcproj", "{0F2C624E-C334-424B-AA65-CE8C2AE2D07F}"
EndProject
Project("{2150E333-8FDC-42A3-9474-1A3956D46DE8}") = "Command", "Command", "{E09BC366-699F-464C-9FE0-2327C55C063E}"
EndProject
Project("{8BC9CEB8-8B4A-11D0-8D11-00A0C91BC942}") = "SimpleRemote", "Command\SimpleRemote\SimpleRemote.vcproj", "{E1A51298-76E1-4719-B6E1-50CF6961E657}"
EndProject
Project("{8BC9CEB8-8B4A-11D0-8D11-00A0C91BC942}") = "Remote", "Command\Remote\Remote.vcproj", "{D404E7FC-4A06-4F20-A8E4-C51200630039}"
EndProject
Project("{8BC9CEB8-8B4A-11D0-8D11-00A0C91BC942}") = "Undo", "Command\Undo\Undo.vcproj", "{0849DF71-1EDB-497C-BD41-2E80F0E0CFD3}"
EndProject
Project("{2150E333-8FDC-42A3-9474-1A3956D46DE8}") = "Adapter", "Adapter", "{73C35732-FEDD-4266-BA8A-8FE3AAB8F3B4}"
EndProject
Project("{8BC9CEB8-8B4A-11D0-8D11-00A0C91BC942}") = "Ducks", "Adapter\Ducks\Ducks.vcproj", "{BCDE01C8-E042-47A7-A463-02867005E62C}"
EndProject
Project("{2150E333-8FDC-42A3-9474-1A3956D46DE8}") = "Composite", "Composite", "{C79A1850-3F84-4DBC-A1A7-DE3307450B99}"
EndProject
Project("{8BC9CEB8-8B4A-11D0-8D11-00A0C91BC942}") = "Menus", "Composite\Menus\Menus.vcproj", "{8069441B-A896-4F67-BE13-B08CAFC5982A}"
EndProject
Project("{2150E333-8FDC-42A3-9474-1A3956D46DE8}") = "Template", "Template", "{C6E35165-F30C-49F1-9E55-384C3055DAAC}"
EndProject
Project("{8BC9CEB8-8B4A-11D0-8D11-00A0C91BC942}") = "Barista", "Template\Barista\Barista.vcproj", "{571B39DF-68C9-4688-84E1-F3CDF837EE5A}"
EndProject
Project("{2150E333-8FDC-42A3-9474-1A3956D46DE8}") = "Facade", "Facade", "{60DD4C08-445B-45AB-BF52-962B68700E9E}"
EndProject
Project("{8BC9CEB8-8B4A-11D0-8D11-00A0C91BC942}") = "HomeTheater", "Facade\HomeTheater\HomeTheater.vcproj", "{413ACE35-84E2-4C5B-9778-2296A54AF732}"
EndProject
Project("{2150E333-8FDC-42A3-9474-1A3956D46DE8}") = "Iterator", "Iterator", "{079D0C2B-01E7-4013-BC32-42C0FB0714FB}"
EndProject
Project("{8BC9CEB8-8B4A-11D0-8D11-00A0C91BC942}") = "DinerMerger", "Iterator\DinerMerger\DinerMerger.vcproj", "{EAE22E75-D2CC-47F1-84F7-242FB882E2A2}"
EndProject
Project("{8BC9CEB8-8B4A-11D0-8D11-00A0C91BC942}") = "DinerMergerI", "Iterator\DinerMergerI\DinerMergerI.vcproj", "{404F3B03-EDF3-47C8-A42A-2B983F6FDB27}"
EndProject
Project("{2150E333-8FDC-42A3-9474-1A3956D46DE8}") = "State", "State", "{3DF82846-DC00-4CDA-A8E0-553804652756}"
EndProject
Project("{8BC9CEB8-8B4A-11D0-8D11-00A0C91BC942}") = "GumballStateWinner", "State\GumballStateWinner\GumballStateWinner.vcproj", "{943D49EB-FB0C-47EF-8D1B-D07BB887929F}"
EndProject
Project("{2150E333-8FDC-42A3-9474-1A3956D46DE8}") = "Compound", "Compound", "{2A9D62EF-905A-420B-B17F-9CBB5FBDF18D}"
EndProject
Project("{8BC9CEB8-8B4A-11D0-8D11-00A0C91BC942}") = "DuckSimulator", "Compound\Ducks\DuckSimulator\DuckSimulator.vcproj", "{E465BCBA-B800-4C4A-A236-87CDAB7BDDB7}"
EndProject
Project("{2150E333-8FDC-42A3-9474-1A3956D46DE8}") = "Ducks", "Ducks", "{C9656FD4-769D-4566-83B9-F24ABB17F256}"
EndProject
Project("{2150E333-8FDC-42A3-9474-1A3956D46DE8}") = "Factory", "Factory", "{BD0857D8-7E2D-4579-899D-B3E6162A43C8}"
EndProject
Project("{2150E333-8FDC-42A3-9474-1A3956D46DE8}") = "Observer", "Observer", "{59A79CD3-E892-4430-9EFA-0D94DAA815D2}"
EndProject
Project("{2150E333-8FDC-42A3-9474-1A3956D46DE8}") = "Adapter", "Adapter", "{5FA05916-8589-4EB1-9809-4C8A1A84D7F7}"
EndProject
Project("{2150E333-8FDC-42A3-9474-1A3956D46DE8}") = "Composite", "Composite", "{5E980799-18CE-4726-9ABB-7B87A9CCB8B0}"
EndProject
Project("{2150E333-8FDC-42A3-9474-1A3956D46DE8}") = "Decorator", "Decorator", "{60C06F41-0930-4838-9DC9-131E2DB5AB3D}"
EndProject
Project("{8BC9CEB8-8B4A-11D0-8D11-00A0C91BC942}") = "DuckSimulator", "Compound\Factory\DuckSimulator\DuckSimulator.vcproj", "{D9E0411A-CB11-4093-9F7E-139B01A2EFF0}"
EndProject
Project("{8BC9CEB8-8B4A-11D0-8D11-00A0C91BC942}") = "DuckSimulator", "Compound\Observer\DuckSimulator\DuckSimulator.vcproj", "{BC9BEBC9-8B7B-44EE-AB69-DBDA006B6C46}"
EndProject
Project("{8BC9CEB8-8B4A-11D0-8D11-00A0C91BC942}") = "DuckSimulator", "Compound\Decorator\DuckSimulator\DuckSimulator.vcproj", "{1A979BA2-5F91-4BF4-92CF-3DB7C39B3761}"
EndProject
Project("{8BC9CEB8-8B4A-11D0-8D11-00A0C91BC942}") = "DuckSimulator", "Compound\Adapter\DuckSimulator\DuckSimulator.vcproj", "{8C116182-0DCA-46BE-B04B-7AC76F323A56}"
EndProject
Project("{8BC9CEB8-8B4A-11D0-8D11-00A0C91BC942}") = "DuckSimulator", "Compound\Composite\DuckSimulator\DuckSimulator.vcproj", "{F8BC265D-544D-48CB-8342-6C3AF38618F1}"
EndProject
Project("{8BC9CEB8-8B4A-11D0-8D11-00A0C91BC942}") = "Remotes", "Bridge\Remotes\Remotes.vcproj", "{0B0756C9-99A5-4427-83A6-F6A3F5005938}"
EndProject
Project("{2150E333-8FDC-42A3-9474-1A3956D46DE8}") = "Bridge", "Bridge", "{CBE9A1FA-44A4-45E0-9135-1B68AE938A07}"
EndProject
Project("{2150E333-8FDC-42A3-9474-1A3956D46DE8}") = "Builder", "Builder", "{0DE54651-C1FB-4F91-9A17-31410DA50D4C}"
EndProject
Project("{8BC9CEB8-8B4A-11D0-8D11-00A0C91BC942}") = "Planner", "Builder\Planner\Planner.vcproj", "{587EDD19-04F9-4984-8349-9C5D6A011BB0}"
EndProject
Project("{2150E333-8FDC-42A3-9474-1A3956D46DE8}") = "ChainOfResponsibility", "ChainOfResponsibility", "{35B4651C-8B0A-4E9E-84B1-1145DB2DD218}"
EndProject
Project("{8BC9CEB8-8B4A-11D0-8D11-00A0C91BC942}") = "GumballEMailHandler", "ChainOfResponsibility\GumballEMailHandler\GumballEMailHandler.vcproj", "{2D4E0F7E-AEFC-4592-A243-060F1AB7AD3A}"
EndProject
Project("{2150E333-8FDC-42A3-9474-1A3956D46DE8}") = "Flyweight", "Flyweight", "{B6B6923A-ACB6-4205-A1E4-378AF534F40C}"
EndProject
Project("{8BC9CEB8-8B4A-11D0-8D11-00A0C91BC942}") = "FowlWeight", "Flyweight\FowlWeight\FowlWeight.vcproj", "{CC1F9C16-5A44-448A-ACD1-4F5CCF7DF043}"
EndProject
Project("{2150E333-8FDC-42A3-9474-1A3956D46DE8}") = "Interpreter", "Interpreter", "{D1676213-69E7-4F38-8776-8514E0CD1FB7}"
EndProject
Project("{8BC9CEB8-8B4A-11D0-8D11-00A0C91BC942}") = "MiniDuckSimulator", "Interpreter\MiniDuckSimulator\MiniDuckSimulator.vcproj", "{1B61033B-1741-42ED-997B-7A97BB4C08E7}"
EndProject
Project("{2150E333-8FDC-42A3-9474-1A3956D46DE8}") = "Visitor", "Visitor", "{7D699287-1499-4EE3-90C6-22429FE79F83}"
EndProject
Project("{8BC9CEB8-8B4A-11D0-8D11-00A0C91BC942}") = "Menus", "Visitor\Menus\Menus.vcproj", "{94B85F60-DCDC-4A0C-AE25-3FFE67CBF457}"
EndProject
Project("{2150E333-8FDC-42A3-9474-1A3956D46DE8}") = "Mediator", "Mediator", "{61EC44EB-ED56-432E-8A1B-43CC75CC08DB}"
EndProject
Project("{8BC9CEB8-8B4A-11D0-8D11-00A0C91BC942}") = "AutoHouse", "Mediator\AutoHouse\AutoHouse.vcproj", "{1C91BA1A-A27D-4448-89A5-E9CF4F8EC60B}"
EndProject
Global
	GlobalSection(SolutionConfigurationPlatforms) = preSolution
		Debug|Win32 = Debug|Win32
		Release|Win32 = Release|Win32
	EndGlobalSection
	GlobalSection(ProjectConfigurationPlatforms) = postSolution
		{C9153F62-0ADD-447B-BA26-C5A2B287D7EE}.Debug|Win32.ActiveCfg = Debug|Win32
		{C9153F62-0ADD-447B-BA26-C5A2B287D7EE}.Debug|Win32.Build.0 = Debug|Win32
		{C9153F62-0ADD-447B-BA26-C5A2B287D7EE}.Release|Win32.ActiveCfg = Release|Win32
		{C9153F62-0ADD-447B-BA26-C5A2B287D7EE}.Release|Win32.Build.0 = Release|Win32
		{6213CFF2-4F61-4B5D-8543-7618FC74A202}.Debug|Win32.ActiveCfg = Debug|Win32
		{6213CFF2-4F61-4B5D-8543-7618FC74A202}.Debug|Win32.Build.0 = Debug|Win32
		{6213CFF2-4F61-4B5D-8543-7618FC74A202}.Release|Win32.ActiveCfg = Release|Win32
		{6213CFF2-4F61-4B5D-8543-7618FC74A202}.Release|Win32.Build.0 = Release|Win32
		{BF5460B2-91BC-44B6-A3E8-4F301FC07CE0}.Debug|Win32.ActiveCfg = Debug|Win32
		{BF5460B2-91BC-44B6-A3E8-4F301FC07CE0}.Debug|Win32.Build.0 = Debug|Win32
		{BF5460B2-91BC-44B6-A3E8-4F301FC07CE0}.Release|Win32.ActiveCfg = Release|Win32
		{BF5460B2-91BC-44B6-A3E8-4F301FC07CE0}.Release|Win32.Build.0 = Release|Win32
		{7BFB91FA-1ECA-4211-A3C2-6E01CBF5991E}.Debug|Win32.ActiveCfg = Debug|Win32
		{7BFB91FA-1ECA-4211-A3C2-6E01CBF5991E}.Debug|Win32.Build.0 = Debug|Win32
		{7BFB91FA-1ECA-4211-A3C2-6E01CBF5991E}.Release|Win32.ActiveCfg = Release|Win32
		{7BFB91FA-1ECA-4211-A3C2-6E01CBF5991E}.Release|Win32.Build.0 = Release|Win32
		{8E6A7946-E599-47A5-9F5D-A6CD56D41E0A}.Debug|Win32.ActiveCfg = Debug|Win32
		{8E6A7946-E599-47A5-9F5D-A6CD56D41E0A}.Debug|Win32.Build.0 = Debug|Win32
		{8E6A7946-E599-47A5-9F5D-A6CD56D41E0A}.Release|Win32.ActiveCfg = Release|Win32
		{8E6A7946-E599-47A5-9F5D-A6CD56D41E0A}.Release|Win32.Build.0 = Release|Win32
		{0076BB2E-6BFC-44B3-B278-601B07BD04FF}.Debug|Win32.ActiveCfg = Debug|Win32
		{0076BB2E-6BFC-44B3-B278-601B07BD04FF}.Debug|Win32.Build.0 = Debug|Win32
		{0076BB2E-6BFC-44B3-B278-601B07BD04FF}.Release|Win32.ActiveCfg = Release|Win32
		{0076BB2E-6BFC-44B3-B278-601B07BD04FF}.Release|Win32.Build.0 = Release|Win32
		{0F2C624E-C334-424B-AA65-CE8C2AE2D07F}.Debug|Win32.ActiveCfg = Debug|Win32
		{0F2C624E-C334-424B-AA65-CE8C2AE2D07F}.Debug|Win32.Build.0 = Debug|Win32
		{0F2C624E-C334-424B-AA65-CE8C2AE2D07F}.Release|Win32.ActiveCfg = Release|Win32
		{0F2C624E-C334-424B-AA65-CE8C2AE2D07F}.Release|Win32.Build.0 = Release|Win32
		{E1A51298-76E1-4719-B6E1-50CF6961E657}.Debug|Win32.ActiveCfg = Debug|Win32
		{E1A51298-76E1-4719-B6E1-50CF6961E657}.Debug|Win32.Build.0 = Debug|Win32
		{E1A51298-76E1-4719-B6E1-50CF6961E657}.Release|Win32.ActiveCfg = Release|Win32
		{E1A51298-76E1-4719-B6E1-50CF6961E657}.Release|Win32.Build.0 = Release|Win32
		{D404E7FC-4A06-4F20-A8E4-C51200630039}.Debug|Win32.ActiveCfg = Debug|Win32
		{D404E7FC-4A06-4F20-A8E4-C51200630039}.Debug|Win32.Build.0 = Debug|Win32
		{D404E7FC-4A06-4F20-A8E4-C51200630039}.Release|Win32.ActiveCfg = Release|Win32
		{D404E7FC-4A06-4F20-A8E4-C51200630039}.Release|Win32.Build.0 = Release|Win32
		{0849DF71-1EDB-497C-BD41-2E80F0E0CFD3}.Debug|Win32.ActiveCfg = Debug|Win32
		{0849DF71-1EDB-497C-BD41-2E80F0E0CFD3}.Debug|Win32.Build.0 = Debug|Win32
		{0849DF71-1EDB-497C-BD41-2E80F0E0CFD3}.Release|Win32.ActiveCfg = Release|Win32
		{0849DF71-1EDB-497C-BD41-2E80F0E0CFD3}.Release|Win32.Build.0 = Release|Win32
		{BCDE01C8-E042-47A7-A463-02867005E62C}.Debug|Win32.ActiveCfg = Debug|Win32
		{BCDE01C8-E042-47A7-A463-02867005E62C}.Debug|Win32.Build.0 = Debug|Win32
		{BCDE01C8-E042-47A7-A463-02867005E62C}.Release|Win32.ActiveCfg = Release|Win32
		{BCDE01C8-E042-47A7-A463-02867005E62C}.Release|Win32.Build.0 = Release|Win32
		{8069441B-A896-4F67-BE13-B08CAFC5982A}.Debug|Win32.ActiveCfg = Debug|Win32
		{8069441B-A896-4F67-BE13-B08CAFC5982A}.Debug|Win32.Build.0 = Debug|Win32
		{8069441B-A896-4F67-BE13-B08CAFC5982A}.Release|Win32.ActiveCfg = Release|Win32
		{8069441B-A896-4F67-BE13-B08CAFC5982A}.Release|Win32.Build.0 = Release|Win32
		{571B39DF-68C9-4688-84E1-F3CDF837EE5A}.Debug|Win32.ActiveCfg = Debug|Win32
		{571B39DF-68C9-4688-84E1-F3CDF837EE5A}.Debug|Win32.Build.0 = Debug|Win32
		{571B39DF-68C9-4688-84E1-F3CDF837EE5A}.Release|Win32.ActiveCfg = Release|Win32
		{571B39DF-68C9-4688-84E1-F3CDF837EE5A}.Release|Win32.Build.0 = Release|Win32
		{413ACE35-84E2-4C5B-9778-2296A54AF732}.Debug|Win32.ActiveCfg = Debug|Win32
		{413ACE35-84E2-4C5B-9778-2296A54AF732}.Debug|Win32.Build.0 = Debug|Win32
		{413ACE35-84E2-4C5B-9778-2296A54AF732}.Release|Win32.ActiveCfg = Release|Win32
		{413ACE35-84E2-4C5B-9778-2296A54AF732}.Release|Win32.Build.0 = Release|Win32
		{EAE22E75-D2CC-47F1-84F7-242FB882E2A2}.Debug|Win32.ActiveCfg = Debug|Win32
		{EAE22E75-D2CC-47F1-84F7-242FB882E2A2}.Debug|Win32.Build.0 = Debug|Win32
		{EAE22E75-D2CC-47F1-84F7-242FB882E2A2}.Release|Win32.ActiveCfg = Release|Win32
		{EAE22E75-D2CC-47F1-84F7-242FB882E2A2}.Release|Win32.Build.0 = Release|Win32
		{404F3B03-EDF3-47C8-A42A-2B983F6FDB27}.Debug|Win32.ActiveCfg = Debug|Win32
		{404F3B03-EDF3-47C8-A42A-2B983F6FDB27}.Debug|Win32.Build.0 = Debug|Win32
		{404F3B03-EDF3-47C8-A42A-2B983F6FDB27}.Release|Win32.ActiveCfg = Release|Win32
		{404F3B03-EDF3-47C8-A42A-2B983F6FDB27}.Release|Win32.Build.0 = Release|Win32
		{943D49EB-FB0C-47EF-8D1B-D07BB887929F}.Debug|Win32.ActiveCfg = Debug|Win32
		{943D49EB-FB0C-47EF-8D1B-D07BB887929F}.Debug|Win32.Build.0 = Debug|Win32
		{943D49EB-FB0C-47EF-8D1B-D07BB887929F}.Release|Win32.ActiveCfg = Release|Win32
		{943D49EB-FB0C-47EF-8D1B-D07BB887929F}.Release|Win32.Build.0 = Release|Win32
		{E465BCBA-B800-4C4A-A236-87CDAB7BDDB7}.Debug|Win32.ActiveCfg = Debug|Win32
		{E465BCBA-B800-4C4A-A236-87CDAB7BDDB7}.Debug|Win32.Build.0 = Debug|Win32
		{E465BCBA-B800-4C4A-A236-87CDAB7BDDB7}.Release|Win32.ActiveCfg = Release|Win32
		{E465BCBA-B800-4C4A-A236-87CDAB7BDDB7}.Release|Win32.Build.0 = Release|Win32
		{D9E0411A-CB11-4093-9F7E-139B01A2EFF0}.Debug|Win32.ActiveCfg = Debug|Win32
		{D9E0411A-CB11-4093-9F7E-139B01A2EFF0}.Debug|Win32.Build.0 = Debug|Win32
		{D9E0411A-CB11-4093-9F7E-139B01A2EFF0}.Release|Win32.ActiveCfg = Release|Win32
		{D9E0411A-CB11-4093-9F7E-139B01A2EFF0}.Release|Win32.Build.0 = Release|Win32
		{BC9BEBC9-8B7B-44EE-AB69-DBDA006B6C46}.Debug|Win32.ActiveCfg = Debug|Win32
		{BC9BEBC9-8B7B-44EE-AB69-DBDA006B6C46}.Debug|Win32.Build.0 = Debug|Win32
		{BC9BEBC9-8B7B-44EE-AB69-DBDA006B6C46}.Release|Win32.ActiveCfg = Release|Win32
		{BC9BEBC9-8B7B-44EE-AB69-DBDA006B6C46}.Release|Win32.Build.0 = Release|Win32
		{1A979BA2-5F91-4BF4-92CF-3DB7C39B3761}.Debug|Win32.ActiveCfg = Debug|Win32
		{1A979BA2-5F91-4BF4-92CF-3DB7C39B3761}.Debug|Win32.Build.0 = Debug|Win32
		{1A979BA2-5F91-4BF4-92CF-3DB7C39B3761}.Release|Win32.ActiveCfg = Release|Win32
		{1A979BA2-5F91-4BF4-92CF-3DB7C39B3761}.Release|Win32.Build.0 = Release|Win32
		{8C116182-0DCA-46BE-B04B-7AC76F323A56}.Debug|Win32.ActiveCfg = Debug|Win32
		{8C116182-0DCA-46BE-B04B-7AC76F323A56}.Debug|Win32.Build.0 = Debug|Win32
		{8C116182-0DCA-46BE-B04B-7AC76F323A56}.Release|Win32.ActiveCfg = Release|Win32
		{8C116182-0DCA-46BE-B04B-7AC76F323A56}.Release|Win32.Build.0 = Release|Win32
		{F8BC265D-544D-48CB-8342-6C3AF38618F1}.Debug|Win32.ActiveCfg = Debug|Win32
		{F8BC265D-544D-48CB-8342-6C3AF38618F1}.Debug|Win32.Build.0 = Debug|Win32
		{F8BC265D-544D-48CB-8342-6C3AF38618F1}.Release|Win32.ActiveCfg = Release|Win32
		{F8BC265D-544D-48CB-8342-6C3AF38618F1}.Release|Win32.Build.0 = Release|Win32
		{0B0756C9-99A5-4427-83A6-F6A3F5005938}.Debug|Win32.ActiveCfg = Debug|Win32
		{0B0756C9-99A5-4427-83A6-F6A3F5005938}.Debug|Win32.Build.0 = Debug|Win32
		{0B0756C9-99A5-4427-83A6-F6A3F5005938}.Release|Win32.ActiveCfg = Release|Win32
		{0B0756C9-99A5-4427-83A6-F6A3F5005938}.Release|Win32.Build.0 = Release|Win32
		{587EDD19-04F9-4984-8349-9C5D6A011BB0}.Debug|Win32.ActiveCfg = Debug|Win32
		{587EDD19-04F9-4984-8349-9C5D6A011BB0}.Debug|Win32.Build.0 = Debug|Win32
		{587EDD19-04F9-4984-8349-9C5D6A011BB0}.Release|Win32.ActiveCfg = Release|Win32
		{587EDD19-04F9-4984-8349-9C5D6A011BB0}.Release|Win32.Build.0 = Release|Win32
		{2D4E0F7E-AEFC-4592-A243-060F1AB7AD3A}.Debug|Win32.ActiveCfg = Debug|Win32
		{2D4E0F7E-AEFC-4592-A243-060F1AB7AD3A}.Debug|Win32.Build.0 = Debug|Win32
		{2D4E0F7E-AEFC-4592-A243-060F1AB7AD3A}.Release|Win32.ActiveCfg = Release|Win32
		{2D4E0F7E-AEFC-4592-A243-060F1AB7AD3A}.Release|Win32.Build.0 = Release|Win32
		{CC1F9C16-5A44-448A-ACD1-4F5CCF7DF043}.Debug|Win32.ActiveCfg = Debug|Win32
		{CC1F9C16-5A44-448A-ACD1-4F5CCF7DF043}.Debug|Win32.Build.0 = Debug|Win32
		{CC1F9C16-5A44-448A-ACD1-4F5CCF7DF043}.Release|Win32.ActiveCfg = Release|Win32
		{CC1F9C16-5A44-448A-ACD1-4F5CCF7DF043}.Release|Win32.Build.0 = Release|Win32
		{1B61033B-1741-42ED-997B-7A97BB4C08E7}.Debug|Win32.ActiveCfg = Debug|Win32
		{1B61033B-1741-42ED-997B-7A97BB4C08E7}.Debug|Win32.Build.0 = Debug|Win32
		{1B61033B-1741-42ED-997B-7A97BB4C08E7}.Release|Win32.ActiveCfg = Release|Win32
		{1B61033B-1741-42ED-997B-7A97BB4C08E7}.Release|Win32.Build.0 = Release|Win32
		{94B85F60-DCDC-4A0C-AE25-3FFE67CBF457}.Debug|Win32.ActiveCfg = Debug|Win32
		{94B85F60-DCDC-4A0C-AE25-3FFE67CBF457}.Debug|Win32.Build.0 = Debug|Win32
		{94B85F60-DCDC-4A0C-AE25-3FFE67CBF457}.Release|Win32.ActiveCfg = Release|Win32
		{94B85F60-DCDC-4A0C-AE25-3FFE67CBF457}.Release|Win32.Build.0 = Release|Win32
		{1C91BA1A-A27D-4448-89A5-E9CF4F8EC60B}.Debug|Win32.ActiveCfg = Debug|Win32
		{1C91BA1A-A27D-4448-89A5-E9CF4F8EC60B}.Debug|Win32.Build.0 = Debug|Win32
		{1C91BA1A-A27D-4448-89A5-E9CF4F8EC60B}.Release|Win32.ActiveCfg = Release|Win32
		{1C91BA1A-A27D-4448-89A5-E9CF4F8EC60B}.Release|Win32.Build.0 = Release|Win32
	EndGlobalSection
	GlobalSection(SolutionProperties) = preSolution
		HideSolutionNode = FALSE
	EndGlobalSection
	GlobalSection(NestedProjects) = preSolution
		{C9153F62-0ADD-447B-BA26-C5A2B287D7EE} = {4D19B820-0AA2-4F03-B3D9-A9989DE6B143}
		{6213CFF2-4F61-4B5D-8543-7618FC74A202} = {8B887CE9-CCB0-4729-BE07-68942A693133}
		{BF5460B2-91BC-44B6-A3E8-4F301FC07CE0} = {6318BFFD-3D83-4F12-85AA-CB348B92BA23}
		{7BFB91FA-1ECA-4211-A3C2-6E01CBF5991E} = {96B33512-E1E3-4241-A3AA-C12246CCA8F2}
		{8E6A7946-E599-47A5-9F5D-A6CD56D41E0A} = {96B33512-E1E3-4241-A3AA-C12246CCA8F2}
		{0076BB2E-6BFC-44B3-B278-601B07BD04FF} = {96B33512-E1E3-4241-A3AA-C12246CCA8F2}
		{0F2C624E-C334-424B-AA65-CE8C2AE2D07F} = {A81CB0FC-D497-48A9-89EC-EB2CE8B71667}
		{E1A51298-76E1-4719-B6E1-50CF6961E657} = {E09BC366-699F-464C-9FE0-2327C55C063E}
		{D404E7FC-4A06-4F20-A8E4-C51200630039} = {E09BC366-699F-464C-9FE0-2327C55C063E}
		{0849DF71-1EDB-497C-BD41-2E80F0E0CFD3} = {E09BC366-699F-464C-9FE0-2327C55C063E}
		{BCDE01C8-E042-47A7-A463-02867005E62C} = {73C35732-FEDD-4266-BA8A-8FE3AAB8F3B4}
		{8069441B-A896-4F67-BE13-B08CAFC5982A} = {C79A1850-3F84-4DBC-A1A7-DE3307450B99}
		{571B39DF-68C9-4688-84E1-F3CDF837EE5A} = {C6E35165-F30C-49F1-9E55-384C3055DAAC}
		{413ACE35-84E2-4C5B-9778-2296A54AF732} = {60DD4C08-445B-45AB-BF52-962B68700E9E}
		{EAE22E75-D2CC-47F1-84F7-242FB882E2A2} = {079D0C2B-01E7-4013-BC32-42C0FB0714FB}
		{404F3B03-EDF3-47C8-A42A-2B983F6FDB27} = {079D0C2B-01E7-4013-BC32-42C0FB0714FB}
		{943D49EB-FB0C-47EF-8D1B-D07BB887929F} = {3DF82846-DC00-4CDA-A8E0-553804652756}
		{C9656FD4-769D-4566-83B9-F24ABB17F256} = {2A9D62EF-905A-420B-B17F-9CBB5FBDF18D}
		{BD0857D8-7E2D-4579-899D-B3E6162A43C8} = {2A9D62EF-905A-420B-B17F-9CBB5FBDF18D}
		{59A79CD3-E892-4430-9EFA-0D94DAA815D2} = {2A9D62EF-905A-420B-B17F-9CBB5FBDF18D}
		{5FA05916-8589-4EB1-9809-4C8A1A84D7F7} = {2A9D62EF-905A-420B-B17F-9CBB5FBDF18D}
		{5E980799-18CE-4726-9ABB-7B87A9CCB8B0} = {2A9D62EF-905A-420B-B17F-9CBB5FBDF18D}
		{60C06F41-0930-4838-9DC9-131E2DB5AB3D} = {2A9D62EF-905A-420B-B17F-9CBB5FBDF18D}
		{E465BCBA-B800-4C4A-A236-87CDAB7BDDB7} = {C9656FD4-769D-4566-83B9-F24ABB17F256}
		{D9E0411A-CB11-4093-9F7E-139B01A2EFF0} = {BD0857D8-7E2D-4579-899D-B3E6162A43C8}
		{BC9BEBC9-8B7B-44EE-AB69-DBDA006B6C46} = {59A79CD3-E892-4430-9EFA-0D94DAA815D2}
		{8C116182-0DCA-46BE-B04B-7AC76F323A56} = {5FA05916-8589-4EB1-9809-4C8A1A84D7F7}
		{F8BC265D-544D-48CB-8342-6C3AF38618F1} = {5E980799-18CE-4726-9ABB-7B87A9CCB8B0}
		{1A979BA2-5F91-4BF4-92CF-3DB7C39B3761} = {60C06F41-0930-4838-9DC9-131E2DB5AB3D}
		{0B0756C9-99A5-4427-83A6-F6A3F5005938} = {CBE9A1FA-44A4-45E0-9135-1B68AE938A07}
		{587EDD19-04F9-4984-8349-9C5D6A011BB0} = {0DE54651-C1FB-4F91-9A17-31410DA50D4C}
		{2D4E0F7E-AEFC-4592-A243-060F1AB7AD3A} = {35B4651C-8B0A-4E9E-84B1-1145DB2DD218}
		{CC1F9C16-5A44-448A-ACD1-4F5CCF7DF043} = {B6B6923A-ACB6-4205-A1E4-378AF534F40C}
		{1B61033B-1741-42ED-997B-7A97BB4C08E7} = {D1676213-69E7-4F38-8776-8514E0CD1FB7}
		{94B85F60-DCDC-4A0C-AE25-3FFE67CBF457} = {7D699287-1499-4EE3-90C6-22429FE79F83}
		{1C91BA1A-A27D-4448-89A5-E9CF4F8EC60B} = {61EC44EB-ED56-432E-8A1B-43CC75CC08DB}
	EndGlobalSection
EndGlobal
