
Microsoft Visual Studio Solution File, Format Version 10.00
# Visual C# Express 2008
Project("{FAE04EC0-301F-11D3-BF4B-00C04F79EFBC}") = "動物練習", "動物練習\動物練習.csproj", "{B921AFE0-D459-40D3-BABE-9F8808084AB9}"
EndProject
Project("{FAE04EC0-301F-11D3-BF4B-00C04F79EFBC}") = "AnimalLibrary", "AnimalLibrary\AnimalLibrary.csproj", "{0EA720B0-F17E-4610-9B72-9F47692F0393}"
EndProject
Global
	GlobalSection(SolutionConfigurationPlatforms) = preSolution
		Debug|Any CPU = Debug|Any CPU
		Release|Any CPU = Release|Any CPU
	EndGlobalSection
	GlobalSection(ProjectConfigurationPlatforms) = postSolution
		{B921AFE0-D459-40D3-BABE-9F8808084AB9}.Debug|Any CPU.ActiveCfg = Debug|Any CPU
		{B921AFE0-D459-40D3-BABE-9F8808084AB9}.Debug|Any CPU.Build.0 = Debug|Any CPU
		{B921AFE0-D459-40D3-BABE-9F8808084AB9}.Release|Any CPU.ActiveCfg = Release|Any CPU
		{B921AFE0-D459-40D3-BABE-9F8808084AB9}.Release|Any CPU.Build.0 = Release|Any CPU
		{0EA720B0-F17E-4610-9B72-9F47692F0393}.Debug|Any CPU.ActiveCfg = Debug|Any CPU
		{0EA720B0-F17E-4610-9B72-9F47692F0393}.Debug|Any CPU.Build.0 = Debug|Any CPU
		{0EA720B0-F17E-4610-9B72-9F47692F0393}.Release|Any CPU.ActiveCfg = Release|Any CPU
		{0EA720B0-F17E-4610-9B72-9F47692F0393}.Release|Any CPU.Build.0 = Release|Any CPU
	EndGlobalSection
	GlobalSection(SolutionProperties) = preSolution
		HideSolutionNode = FALSE
	EndGlobalSection
EndGlobal
