
Microsoft Visual Studio Solution File, Format Version 10.00
# Visual C# Express 2008
Project("{FAE04EC0-301F-11D3-BF4B-00C04F79EFBC}") = "商場管理軟體", "商場管理軟體\商場管理軟體.csproj", "{46E50AC9-D60B-4542-AD89-FB2C18988B28}"
EndProject
Global
	GlobalSection(SolutionConfigurationPlatforms) = preSolution
		Debug|Any CPU = Debug|Any CPU
		Release|Any CPU = Release|Any CPU
	EndGlobalSection
	GlobalSection(ProjectConfigurationPlatforms) = postSolution
		{46E50AC9-D60B-4542-AD89-FB2C18988B28}.Debug|Any CPU.ActiveCfg = Debug|Any CPU
		{46E50AC9-D60B-4542-AD89-FB2C18988B28}.Debug|Any CPU.Build.0 = Debug|Any CPU
		{46E50AC9-D60B-4542-AD89-FB2C18988B28}.Release|Any CPU.ActiveCfg = Release|Any CPU
		{46E50AC9-D60B-4542-AD89-FB2C18988B28}.Release|Any CPU.Build.0 = Release|Any CPU
	EndGlobalSection
	GlobalSection(SolutionProperties) = preSolution
		HideSolutionNode = FALSE
	EndGlobalSection
EndGlobal
