
Microsoft Visual Studio Solution File, Format Version 10.00
# Visual C# Express 2008
Project("{FAE04EC0-301F-11D3-BF4B-00C04F79EFBC}") = "狀態模式", "狀態模式\狀態模式.csproj", "{EE697849-7040-4FEA-94CE-C842CC069815}"
EndProject
Global
	GlobalSection(SolutionConfigurationPlatforms) = preSolution
		Debug|Any CPU = Debug|Any CPU
		Release|Any CPU = Release|Any CPU
	EndGlobalSection
	GlobalSection(ProjectConfigurationPlatforms) = postSolution
		{EE697849-7040-4FEA-94CE-C842CC069815}.Debug|Any CPU.ActiveCfg = Debug|Any CPU
		{EE697849-7040-4FEA-94CE-C842CC069815}.Debug|Any CPU.Build.0 = Debug|Any CPU
		{EE697849-7040-4FEA-94CE-C842CC069815}.Release|Any CPU.ActiveCfg = Release|Any CPU
		{EE697849-7040-4FEA-94CE-C842CC069815}.Release|Any CPU.Build.0 = Release|Any CPU
	EndGlobalSection
	GlobalSection(SolutionProperties) = preSolution
		HideSolutionNode = FALSE
	EndGlobalSection
EndGlobal
