
Microsoft Visual Studio Solution File, Format Version 9.00
# Visual Studio 2005
Project("{8BC9CEB8-8B4A-11D0-8D11-00A0C91BC942}") = "Pizzafm", "Pizzafm.vcproj", "{8E6A7946-E599-47A5-9F5D-A6CD56D41E0A}"
EndProject
Global
	GlobalSection(SolutionConfigurationPlatforms) = preSolution
		Debug|Win32 = Debug|Win32
		Release|Win32 = Release|Win32
	EndGlobalSection
	GlobalSection(ProjectConfigurationPlatforms) = postSolution
		{8E6A7946-E599-47A5-9F5D-A6CD56D41E0A}.Debug|Win32.ActiveCfg = Debug|Win32
		{8E6A7946-E599-47A5-9F5D-A6CD56D41E0A}.Debug|Win32.Build.0 = Debug|Win32
		{8E6A7946-E599-47A5-9F5D-A6CD56D41E0A}.Release|Win32.ActiveCfg = Release|Win32
		{8E6A7946-E599-47A5-9F5D-A6CD56D41E0A}.Release|Win32.Build.0 = Release|Win32
	EndGlobalSection
	GlobalSection(SolutionProperties) = preSolution
		HideSolutionNode = FALSE
	EndGlobalSection
EndGlobal
